// !$*UTF8*$!
{
	archiveVersion = 1;
	classes = {
	};
	objectVersion = 56;
	objects = {

/* Begin PBXBuildFile section */
		8B3E28492CF121D20017A86B /* CarouselView.swift in Sources */ = {isa = PBXBuildFile; fileRef = 8B3E28482CF121D20017A86B /* CarouselView.swift */; };
		8B3E284B2CF123B20017A86B /* OnBordingModel.swift in Sources */ = {isa = PBXBuildFile; fileRef = 8B3E284A2CF123B20017A86B /* OnBordingModel.swift */; };
		91E7B3A22CE7B4AA0004E927 /* Mental_HealthApp.swift in Sources */ = {isa = PBXBuildFile; fileRef = 91E7B3A12CE7B4AA0004E927 /* Mental_HealthApp.swift */; };
		91E7B3A42CE7B4AA0004E927 /* BooksView.swift in Sources */ = {isa = PBXBuildFile; fileRef = 91E7B3A32CE7B4AA0004E927 /* BooksView.swift */; };
		91E7B3A62CE7B4AB0004E927 /* Assets.xcassets in Resources */ = {isa = PBXBuildFile; fileRef = 91E7B3A52CE7B4AB0004E927 /* Assets.xcassets */; };
		91E7B3A92CE7B4AB0004E927 /* Preview Assets.xcassets in Resources */ = {isa = PBXBuildFile; fileRef = 91E7B3A82CE7B4AB0004E927 /* Preview Assets.xcassets */; };
		91E7B3B52CE7BEAA0004E927 /* BookModel.swift in Sources */ = {isa = PBXBuildFile; fileRef = 91E7B3B42CE7BEAA0004E927 /* BookModel.swift */; };
		91E7B3BC2CE7BFA20004E927 /* 4.pdf in Resources */ = {isa = PBXBuildFile; fileRef = 91E7B3B62CE7BFA20004E927 /* 4.pdf */; };
		91E7B3BD2CE7BFA20004E927 /* 3.pdf in Resources */ = {isa = PBXBuildFile; fileRef = 91E7B3B72CE7BFA20004E927 /* 3.pdf */; };
		91E7B3BE2CE7BFA20004E927 /* 6.pdf in Resources */ = {isa = PBXBuildFile; fileRef = 91E7B3B82CE7BFA20004E927 /* 6.pdf */; };
		91E7B3BF2CE7BFA20004E927 /* image.pdf in Resources */ = {isa = PBXBuildFile; fileRef = 91E7B3B92CE7BFA20004E927 /* image.pdf */; };
		91E7B3C02CE7BFA20004E927 /* 5.pdf in Resources */ = {isa = PBXBuildFile; fileRef = 91E7B3BA2CE7BFA20004E927 /* 5.pdf */; };
		91E7B3C12CE7BFA20004E927 /* 2.pdf in Resources */ = {isa = PBXBuildFile; fileRef = 91E7B3BB2CE7BFA20004E927 /* 2.pdf */; };
		91E7B3C42CE7C2F90004E927 /* icon1.png in Resources */ = {isa = PBXBuildFile; fileRef = 91E7B3C22CE7C2F90004E927 /* icon1.png */; };
		91E7B3C52CE7C2F90004E927 /* icon2.pdf in Resources */ = {isa = PBXBuildFile; fileRef = 91E7B3C32CE7C2F90004E927 /* icon2.pdf */; };
		91E7B3C72CE7C39A0004E927 /* icon1.pdf in Resources */ = {isa = PBXBuildFile; fileRef = 91E7B3C62CE7C39A0004E927 /* icon1.pdf */; };
		91E7B3C92CE7C6300004E927 /* SplashScreenView.swift in Sources */ = {isa = PBXBuildFile; fileRef = 91E7B3C82CE7C6300004E927 /* SplashScreenView.swift */; };
		91E7B3CB2CE7C6530004E927 /* splash.pdf in Resources */ = {isa = PBXBuildFile; fileRef = 91E7B3CA2CE7C6530004E927 /* splash.pdf */; };
		91E7B3CD2CE7C7D10004E927 /* OnboardingView.swift in Sources */ = {isa = PBXBuildFile; fileRef = 91E7B3CC2CE7C7D10004E927 /* OnboardingView.swift */; };
/* End PBXBuildFile section */

/* Begin PBXFileReference section */
		8B3E28482CF121D20017A86B /* CarouselView.swift */ = {isa = PBXFileReference; lastKnownFileType = sourcecode.swift; path = CarouselView.swift; sourceTree = "<group>"; };
		8B3E284A2CF123B20017A86B /* OnBordingModel.swift */ = {isa = PBXFileReference; lastKnownFileType = sourcecode.swift; path = OnBordingModel.swift; sourceTree = "<group>"; };
		91E7B39E2CE7B4AA0004E927 /* Mental Health.app */ = {isa = PBXFileReference; explicitFileType = wrapper.application; includeInIndex = 0; path = "Mental Health.app"; sourceTree = BUILT_PRODUCTS_DIR; };
		91E7B3A12CE7B4AA0004E927 /* Mental_HealthApp.swift */ = {isa = PBXFileReference; lastKnownFileType = sourcecode.swift; path = Mental_HealthApp.swift; sourceTree = "<group>"; };
		91E7B3A32CE7B4AA0004E927 /* BooksView.swift */ = {isa = PBXFileReference; lastKnownFileType = sourcecode.swift; path = BooksView.swift; sourceTree = "<group>"; };
		91E7B3A52CE7B4AB0004E927 /* Assets.xcassets */ = {isa = PBXFileReference; lastKnownFileType = folder.assetcatalog; path = Assets.xcassets; sourceTree = "<group>"; };
		91E7B3A82CE7B4AB0004E927 /* Preview Assets.xcassets */ = {isa = PBXFileReference; lastKnownFileType = folder.assetcatalog; path = "Preview Assets.xcassets"; sourceTree = "<group>"; };
		91E7B3B42CE7BEAA0004E927 /* BookModel.swift */ = {isa = PBXFileReference; lastKnownFileType = sourcecode.swift; path = BookModel.swift; sourceTree = "<group>"; };
		91E7B3B62CE7BFA20004E927 /* 4.pdf */ = {isa = PBXFileReference; lastKnownFileType = image.pdf; path = 4.pdf; sourceTree = "<group>"; };
		91E7B3B72CE7BFA20004E927 /* 3.pdf */ = {isa = PBXFileReference; lastKnownFileType = image.pdf; path = 3.pdf; sourceTree = "<group>"; };
		91E7B3B82CE7BFA20004E927 /* 6.pdf */ = {isa = PBXFileReference; lastKnownFileType = image.pdf; path = 6.pdf; sourceTree = "<group>"; };
		91E7B3B92CE7BFA20004E927 /* image.pdf */ = {isa = PBXFileReference; lastKnownFileType = image.pdf; path = image.pdf; sourceTree = "<group>"; };
		91E7B3BA2CE7BFA20004E927 /* 5.pdf */ = {isa = PBXFileReference; lastKnownFileType = image.pdf; path = 5.pdf; sourceTree = "<group>"; };
		91E7B3BB2CE7BFA20004E927 /* 2.pdf */ = {isa = PBXFileReference; lastKnownFileType = image.pdf; path = 2.pdf; sourceTree = "<group>"; };
		91E7B3C22CE7C2F90004E927 /* icon1.png */ = {isa = PBXFileReference; lastKnownFileType = image.png; path = icon1.png; sourceTree = "<group>"; };
		91E7B3C32CE7C2F90004E927 /* icon2.pdf */ = {isa = PBXFileReference; lastKnownFileType = image.pdf; path = icon2.pdf; sourceTree = "<group>"; };
		91E7B3C62CE7C39A0004E927 /* icon1.pdf */ = {isa = PBXFileReference; lastKnownFileType = image.pdf; path = icon1.pdf; sourceTree = "<group>"; };
		91E7B3C82CE7C6300004E927 /* SplashScreenView.swift */ = {isa = PBXFileReference; lastKnownFileType = sourcecode.swift; path = SplashScreenView.swift; sourceTree = "<group>"; };
		91E7B3CA2CE7C6530004E927 /* splash.pdf */ = {isa = PBXFileReference; lastKnownFileType = image.pdf; path = splash.pdf; sourceTree = "<group>"; };
		91E7B3CC2CE7C7D10004E927 /* OnboardingView.swift */ = {isa = PBXFileReference; lastKnownFileType = sourcecode.swift; path = OnboardingView.swift; sourceTree = "<group>"; };
/* End PBXFileReference section */

/* Begin PBXFrameworksBuildPhase section */
		91E7B39B2CE7B4AA0004E927 /* Frameworks */ = {
			isa = PBXFrameworksBuildPhase;
			buildActionMask = 2147483647;
			files = (
			);
			runOnlyForDeploymentPostprocessing = 0;
		};
/* End PBXFrameworksBuildPhase section */

/* Begin PBXGroup section */
		8B3E28462CF1205E0017A86B /* ViewController */ = {
			isa = PBXGroup;
			children = (
			);
			path = ViewController;
			sourceTree = "<group>";
		};
		8B3E28472CF1217D0017A86B /* Carousel */ = {
			isa = PBXGroup;
			children = (
				8B3E28482CF121D20017A86B /* CarouselView.swift */,
			);
			path = Carousel;
			sourceTree = "<group>";
		};
		91E7B3952CE7B4AA0004E927 = {
			isa = PBXGroup;
			children = (
				91E7B3A02CE7B4AA0004E927 /* Mental Health */,
				91E7B39F2CE7B4AA0004E927 /* Products */,
			);
			sourceTree = "<group>";
		};
		91E7B39F2CE7B4AA0004E927 /* Products */ = {
			isa = PBXGroup;
			children = (
				91E7B39E2CE7B4AA0004E927 /* Mental Health.app */,
			);
			name = Products;
			sourceTree = "<group>";
		};
		91E7B3A02CE7B4AA0004E927 /* Mental Health */ = {
			isa = PBXGroup;
			children = (
				8B3E28462CF1205E0017A86B /* ViewController */,
				91E7B3B22CE7B6CD0004E927 /* View */,
				91E7B3B12CE7B6C30004E927 /* Model */,
				91E7B3B02CE7B6BA0004E927 /* Resourse */,
				91E7B3AF2CE7B6600004E927 /* Constant */,
				91E7B3A72CE7B4AB0004E927 /* Preview Content */,
			);
			path = "Mental Health";
			sourceTree = "<group>";
		};
		91E7B3A72CE7B4AB0004E927 /* Preview Content */ = {
			isa = PBXGroup;
			children = (
				91E7B3A82CE7B4AB0004E927 /* Preview Assets.xcassets */,
			);
			path = "Preview Content";
			sourceTree = "<group>";
		};
		91E7B3AF2CE7B6600004E927 /* Constant */ = {
			isa = PBXGroup;
			children = (
				91E7B3A12CE7B4AA0004E927 /* Mental_HealthApp.swift */,
				91E7B3A52CE7B4AB0004E927 /* Assets.xcassets */,
			);
			path = Constant;
			sourceTree = "<group>";
		};
		91E7B3B02CE7B6BA0004E927 /* Resourse */ = {
			isa = PBXGroup;
			children = (
				91E7B3CA2CE7C6530004E927 /* splash.pdf */,
				91E7B3C62CE7C39A0004E927 /* icon1.pdf */,
				91E7B3C22CE7C2F90004E927 /* icon1.png */,
				91E7B3C32CE7C2F90004E927 /* icon2.pdf */,
				91E7B3BB2CE7BFA20004E927 /* 2.pdf */,
				91E7B3B62CE7BFA20004E927 /* 4.pdf */,
				91E7B3B72CE7BFA20004E927 /* 3.pdf */,
				91E7B3BA2CE7BFA20004E927 /* 5.pdf */,
				91E7B3B82CE7BFA20004E927 /* 6.pdf */,
				91E7B3B92CE7BFA20004E927 /* image.pdf */,
			);
			path = Resourse;
			sourceTree = "<group>";
		};
		91E7B3B12CE7B6C30004E927 /* Model */ = {
			isa = PBXGroup;
			children = (
				91E7B3B42CE7BEAA0004E927 /* BookModel.swift */,
				8B3E284A2CF123B20017A86B /* OnBordingModel.swift */,
			);
			path = Model;
			sourceTree = "<group>";
		};
		91E7B3B22CE7B6CD0004E927 /* View */ = {
			isa = PBXGroup;
			children = (
				8B3E28472CF1217D0017A86B /* Carousel */,
				91E7B3A32CE7B4AA0004E927 /* BooksView.swift */,
				91E7B3C82CE7C6300004E927 /* SplashScreenView.swift */,
				91E7B3CC2CE7C7D10004E927 /* OnboardingView.swift */,
			);
			path = View;
			sourceTree = "<group>";
		};
/* End PBXGroup section */

/* Begin PBXNativeTarget section */
		91E7B39D2CE7B4AA0004E927 /* Mental Health */ = {
			isa = PBXNativeTarget;
			buildConfigurationList = 91E7B3AC2CE7B4AB0004E927 /* Build configuration list for PBXNativeTarget "Mental Health" */;
			buildPhases = (
				91E7B39A2CE7B4AA0004E927 /* Sources */,
				91E7B39B2CE7B4AA0004E927 /* Frameworks */,
				91E7B39C2CE7B4AA0004E927 /* Resources */,
			);
			buildRules = (
			);
			dependencies = (
			);
			name = "Mental Health";
			productName = "Mental Health";
			productReference = 91E7B39E2CE7B4AA0004E927 /* Mental Health.app */;
			productType = "com.apple.product-type.application";
		};
/* End PBXNativeTarget section */

/* Begin PBXProject section */
		91E7B3962CE7B4AA0004E927 /* Project object */ = {
			isa = PBXProject;
			attributes = {
				BuildIndependentTargetsInParallel = 1;
				LastSwiftUpdateCheck = 1420;
				LastUpgradeCheck = 1420;
				TargetAttributes = {
					91E7B39D2CE7B4AA0004E927 = {
						CreatedOnToolsVersion = 14.2;
					};
				};
			};
			buildConfigurationList = 91E7B3992CE7B4AA0004E927 /* Build configuration list for PBXProject "Mental Health" */;
			compatibilityVersion = "Xcode 14.0";
			developmentRegion = en;
			hasScannedForEncodings = 0;
			knownRegions = (
				en,
				Base,
			);
			mainGroup = 91E7B3952CE7B4AA0004E927;
			productRefGroup = 91E7B39F2CE7B4AA0004E927 /* Products */;
			projectDirPath = "";
			projectRoot = "";
			targets = (
				91E7B39D2CE7B4AA0004E927 /* Mental Health */,
			);
		};
/* End PBXProject section */

/* Begin PBXResourcesBuildPhase section */
		91E7B39C2CE7B4AA0004E927 /* Resources */ = {
			isa = PBXResourcesBuildPhase;
			buildActionMask = 2147483647;
			files = (
				91E7B3BD2CE7BFA20004E927 /* 3.pdf in Resources */,
				91E7B3CB2CE7C6530004E927 /* splash.pdf in Resources */,
				91E7B3C02CE7BFA20004E927 /* 5.pdf in Resources */,
				91E7B3BE2CE7BFA20004E927 /* 6.pdf in Resources */,
				91E7B3BF2CE7BFA20004E927 /* image.pdf in Resources */,
				91E7B3BC2CE7BFA20004E927 /* 4.pdf in Resources */,
				91E7B3A92CE7B4AB0004E927 /* Preview Assets.xcassets in Resources */,
				91E7B3A62CE7B4AB0004E927 /* Assets.xcassets in Resources */,
				91E7B3C72CE7C39A0004E927 /* icon1.pdf in Resources */,
				91E7B3C12CE7BFA20004E927 /* 2.pdf in Resources */,
				91E7B3C52CE7C2F90004E927 /* icon2.pdf in Resources */,
				91E7B3C42CE7C2F90004E927 /* icon1.png in Resources */,
			);
			runOnlyForDeploymentPostprocessing = 0;
		};
/* End PBXResourcesBuildPhase section */

/* Begin PBXSourcesBuildPhase section */
		91E7B39A2CE7B4AA0004E927 /* Sources */ = {
			isa = PBXSourcesBuildPhase;
			buildActionMask = 2147483647;
			files = (
				91E7B3B52CE7BEAA0004E927 /* BookModel.swift in Sources */,
				91E7B3A42CE7B4AA0004E927 /* BooksView.swift in Sources */,
				8B3E284B2CF123B20017A86B /* OnBordingModel.swift in Sources */,
				91E7B3A22CE7B4AA0004E927 /* Mental_HealthApp.swift in Sources */,
				91E7B3CD2CE7C7D10004E927 /* OnboardingView.swift in Sources */,
				8B3E28492CF121D20017A86B /* CarouselView.swift in Sources */,
				91E7B3C92CE7C6300004E927 /* SplashScreenView.swift in Sources */,
			);
			runOnlyForDeploymentPostprocessing = 0;
		};
/* End PBXSourcesBuildPhase section */

/* Begin XCBuildConfiguration section */
		91E7B3AA2CE7B4AB0004E927 /* Debug */ = {
			isa = XCBuildConfiguration;
			buildSettings = {
				ALWAYS_SEARCH_USER_PATHS = NO;
				CLANG_ANALYZER_NONNULL = YES;
				CLANG_ANALYZER_NUMBER_OBJECT_CONVERSION = YES_AGGRESSIVE;
				CLANG_CXX_LANGUAGE_STANDARD = "gnu++20";
				CLANG_ENABLE_MODULES = YES;
				CLANG_ENABLE_OBJC_ARC = YES;
				CLANG_ENABLE_OBJC_WEAK = YES;
				CLANG_WARN_BLOCK_CAPTURE_AUTORELEASING = YES;
				CLANG_WARN_BOOL_CONVERSION = YES;
				CLANG_WARN_COMMA = YES;
				CLANG_WARN_CONSTANT_CONVERSION = YES;
				CLANG_WARN_DEPRECATED_OBJC_IMPLEMENTATIONS = YES;
				CLANG_WARN_DIRECT_OBJC_ISA_USAGE = YES_ERROR;
				CLANG_WARN_DOCUMENTATION_COMMENTS = YES;
				CLANG_WARN_EMPTY_BODY = YES;
				CLANG_WARN_ENUM_CONVERSION = YES;
				CLANG_WARN_INFINITE_RECURSION = YES;
				CLANG_WARN_INT_CONVERSION = YES;
				CLANG_WARN_NON_LITERAL_NULL_CONVERSION = YES;
				CLANG_WARN_OBJC_IMPLICIT_RETAIN_SELF = YES;
				CLANG_WARN_OBJC_LITERAL_CONVERSION = YES;
				CLANG_WARN_OBJC_ROOT_CLASS = YES_ERROR;
				CLANG_WARN_QUOTED_INCLUDE_IN_FRAMEWORK_HEADER = YES;
				CLANG_WARN_RANGE_LOOP_ANALYSIS = YES;
				CLANG_WARN_STRICT_PROTOTYPES = YES;
				CLANG_WARN_SUSPICIOUS_MOVE = YES;
				CLANG_WARN_UNGUARDED_AVAILABILITY = YES_AGGRESSIVE;
				CLANG_WARN_UNREACHABLE_CODE = YES;
				CLANG_WARN__DUPLICATE_METHOD_MATCH = YES;
				COPY_PHASE_STRIP = NO;
				DEBUG_INFORMATION_FORMAT = dwarf;
				ENABLE_STRICT_OBJC_MSGSEND = YES;
				ENABLE_TESTABILITY = YES;
				GCC_C_LANGUAGE_STANDARD = gnu11;
				GCC_DYNAMIC_NO_PIC = NO;
				GCC_NO_COMMON_BLOCKS = YES;
				GCC_OPTIMIZATION_LEVEL = 0;
				GCC_PREPROCESSOR_DEFINITIONS = (
					"DEBUG=1",
					"$(inherited)",
				);
				GCC_WARN_64_TO_32_BIT_CONVERSION = YES;
				GCC_WARN_ABOUT_RETURN_TYPE = YES_ERROR;
				GCC_WARN_UNDECLARED_SELECTOR = YES;
				GCC_WARN_UNINITIALIZED_AUTOS = YES_AGGRESSIVE;
				GCC_WARN_UNUSED_FUNCTION = YES;
				GCC_WARN_UNUSED_VARIABLE = YES;
				IPHONEOS_DEPLOYMENT_TARGET = 16.2;
				MTL_ENABLE_DEBUG_INFO = INCLUDE_SOURCE;
				MTL_FAST_MATH = YES;
				ONLY_ACTIVE_ARCH = YES;
				SDKROOT = iphoneos;
				SWIFT_ACTIVE_COMPILATION_CONDITIONS = DEBUG;
				SWIFT_OPTIMIZATION_LEVEL = "-Onone";
			};
			name = Debug;
		};
		91E7B3AB2CE7B4AB0004E927 /* Release */ = {
			isa = XCBuildConfiguration;
			buildSettings = {
				ALWAYS_SEARCH_USER_PATHS = NO;
				CLANG_ANALYZER_NONNULL = YES;
				CLANG_ANALYZER_NUMBER_OBJECT_CONVERSION = YES_AGGRESSIVE;
				CLANG_CXX_LANGUAGE_STANDARD = "gnu++20";
				CLANG_ENABLE_MODULES = YES;
				CLANG_ENABLE_OBJC_ARC = YES;
				CLANG_ENABLE_OBJC_WEAK = YES;
				CLANG_WARN_BLOCK_CAPTURE_AUTORELEASING = YES;
				CLANG_WARN_BOOL_CONVERSION = YES;
				CLANG_WARN_COMMA = YES;
				CLANG_WARN_CONSTANT_CONVERSION = YES;
				CLANG_WARN_DEPRECATED_OBJC_IMPLEMENTATIONS = YES;
				CLANG_WARN_DIRECT_OBJC_ISA_USAGE = YES_ERROR;
				CLANG_WARN_DOCUMENTATION_COMMENTS = YES;
				CLANG_WARN_EMPTY_BODY = YES;
				CLANG_WARN_ENUM_CONVERSION = YES;
				CLANG_WARN_INFINITE_RECURSION = YES;
				CLANG_WARN_INT_CONVERSION = YES;
				CLANG_WARN_NON_LITERAL_NULL_CONVERSION = YES;
				CLANG_WARN_OBJC_IMPLICIT_RETAIN_SELF = YES;
				CLANG_WARN_OBJC_LITERAL_CONVERSION = YES;
				CLANG_WARN_OBJC_ROOT_CLASS = YES_ERROR;
				CLANG_WARN_QUOTED_INCLUDE_IN_FRAMEWORK_HEADER = YES;
				CLANG_WARN_RANGE_LOOP_ANALYSIS = YES;
				CLANG_WARN_STRICT_PROTOTYPES = YES;
				CLANG_WARN_SUSPICIOUS_MOVE = YES;
				CLANG_WARN_UNGUARDED_AVAILABILITY = YES_AGGRESSIVE;
				CLANG_WARN_UNREACHABLE_CODE = YES;
				CLANG_WARN__DUPLICATE_METHOD_MATCH = YES;
				COPY_PHASE_STRIP = NO;
				DEBUG_INFORMATION_FORMAT = "dwarf-with-dsym";
				ENABLE_NS_ASSERTIONS = NO;
				ENABLE_STRICT_OBJC_MSGSEND = YES;
				GCC_C_LANGUAGE_STANDARD = gnu11;
				GCC_NO_COMMON_BLOCKS = YES;
				GCC_WARN_64_TO_32_BIT_CONVERSION = YES;
				GCC_WARN_ABOUT_RETURN_TYPE = YES_ERROR;
				GCC_WARN_UNDECLARED_SELECTOR = YES;
				GCC_WARN_UNINITIALIZED_AUTOS = YES_AGGRESSIVE;
				GCC_WARN_UNUSED_FUNCTION = YES;
				GCC_WARN_UNUSED_VARIABLE = YES;
				IPHONEOS_DEPLOYMENT_TARGET = 16.2;
				MTL_ENABLE_DEBUG_INFO = NO;
				MTL_FAST_MATH = YES;
				SDKROOT = iphoneos;
				SWIFT_COMPILATION_MODE = wholemodule;
				SWIFT_OPTIMIZATION_LEVEL = "-O";
				VALIDATE_PRODUCT = YES;
			};
			name = Release;
		};
		91E7B3AD2CE7B4AB0004E927 /* Debug */ = {
			isa = XCBuildConfiguration;
			buildSettings = {
				ASSETCATALOG_COMPILER_APPICON_NAME = AppIcon;
				ASSETCATALOG_COMPILER_GLOBAL_ACCENT_COLOR_NAME = AccentColor;
				CODE_SIGN_STYLE = Automatic;
				CURRENT_PROJECT_VERSION = 1;
				DEVELOPMENT_ASSET_PATHS = "\"Mental Health/Preview Content\"";
				DEVELOPMENT_TEAM = 6S7486Z3CG;
				ENABLE_PREVIEWS = YES;
				GENERATE_INFOPLIST_FILE = YES;
				INFOPLIST_KEY_UIApplicationSceneManifest_Generation = YES;
				INFOPLIST_KEY_UIApplicationSupportsIndirectInputEvents = YES;
				INFOPLIST_KEY_UILaunchScreen_Generation = YES;
				INFOPLIST_KEY_UISupportedInterfaceOrientations_iPad = "UIInterfaceOrientationPortrait UIInterfaceOrientationPortraitUpsideDown UIInterfaceOrientationLandscapeLeft UIInterfaceOrientationLandscapeRight";
				INFOPLIST_KEY_UISupportedInterfaceOrientations_iPhone = "UIInterfaceOrientationPortrait UIInterfaceOrientationLandscapeLeft UIInterfaceOrientationLandscapeRight";
				LD_RUNPATH_SEARCH_PATHS = (
					"$(inherited)",
					"@executable_path/Frameworks",
				);
				MARKETING_VERSION = 1.0;
				PRODUCT_BUNDLE_IDENTIFIER = "IITU.Mental-Health";
				PRODUCT_NAME = "$(TARGET_NAME)";
				SWIFT_EMIT_LOC_STRINGS = YES;
				SWIFT_VERSION = 5.0;
				TARGETED_DEVICE_FAMILY = "1,2";
			};
			name = Debug;
		};
		91E7B3AE2CE7B4AB0004E927 /* Release */ = {
			isa = XCBuildConfiguration;
			buildSettings = {
				ASSETCATALOG_COMPILER_APPICON_NAME = AppIcon;
				ASSETCATALOG_COMPILER_GLOBAL_ACCENT_COLOR_NAME = AccentColor;
				CODE_SIGN_STYLE = Automatic;
				CURRENT_PROJECT_VERSION = 1;
				DEVELOPMENT_ASSET_PATHS = "\"Mental Health/Preview Content\"";
				DEVELOPMENT_TEAM = 6S7486Z3CG;
				ENABLE_PREVIEWS = YES;
				GENERATE_INFOPLIST_FILE = YES;
				INFOPLIST_KEY_UIApplicationSceneManifest_Generation = YES;
				INFOPLIST_KEY_UIApplicationSupportsIndirectInputEvents = YES;
				INFOPLIST_KEY_UILaunchScreen_Generation = YES;
				INFOPLIST_KEY_UISupportedInterfaceOrientations_iPad = "UIInterfaceOrientationPortrait UIInterfaceOrientationPortraitUpsideDown UIInterfaceOrientationLandscapeLeft UIInterfaceOrientationLandscapeRight";
				INFOPLIST_KEY_UISupportedInterfaceOrientations_iPhone = "UIInterfaceOrientationPortrait UIInterfaceOrientationLandscapeLeft UIInterfaceOrientationLandscapeRight";
				LD_RUNPATH_SEARCH_PATHS = (
					"$(inherited)",
					"@executable_path/Frameworks",
				);
				MARKETING_VERSION = 1.0;
				PRODUCT_BUNDLE_IDENTIFIER = "IITU.Mental-Health";
				PRODUCT_NAME = "$(TARGET_NAME)";
				SWIFT_EMIT_LOC_STRINGS = YES;
				SWIFT_VERSION = 5.0;
				TARGETED_DEVICE_FAMILY = "1,2";
			};
			name = Release;
		};
/* End XCBuildConfiguration section */

/* Begin XCConfigurationList section */
		91E7B3992CE7B4AA0004E927 /* Build configuration list for PBXProject "Mental Health" */ = {
			isa = XCConfigurationList;
			buildConfigurations = (
				91E7B3AA2CE7B4AB0004E927 /* Debug */,
				91E7B3AB2CE7B4AB0004E927 /* Release */,
			);
			defaultConfigurationIsVisible = 0;
			defaultConfigurationName = Release;
		};
		91E7B3AC2CE7B4AB0004E927 /* Build configuration list for PBXNativeTarget "Mental Health" */ = {
			isa = XCConfigurationList;
			buildConfigurations = (
				91E7B3AD2CE7B4AB0004E927 /* Debug */,
				91E7B3AE2CE7B4AB0004E927 /* Release */,
			);
			defaultConfigurationIsVisible = 0;
			defaultConfigurationName = Release;
		};
/* End XCConfigurationList section */
	};
	rootObject = 91E7B3962CE7B4AA0004E927 /* Project object */;
}
